// !$*UTF8*$!
{
	archiveVersion = 1;
	classes = {
	};
	objectVersion = 46;
	objects = {

/* Begin PBXBuildFile section */
		0F53A3A51E81461B00DC3634 /* Foundation.framework in Frameworks */ = {isa = PBXBuildFile; fileRef = 0F53A3A41E81461B00DC3634 /* Foundation.framework */; };
		0F53A3A71E81461B00DC3634 /* UIKit.framework in Frameworks */ = {isa = PBXBuildFile; fileRef = 0F53A3A61E81461B00DC3634 /* UIKit.framework */; };
		0F53A3B31E81461B00DC3634 /* iosLive4iPhoneCloseAd.mm in Sources */ = {isa = PBXBuildFile; fileRef = 0F53A3B21E81461B00DC3634 /* iosLive4iPhoneCloseAd.mm */; };
		0F53A3BD1E81467D00DC3634 /* CaptainHook.h in Headers */ = {isa = PBXBuildFile; fileRef = 0F53A3BC1E81467D00DC3634 /* CaptainHook.h */; };
/* End PBXBuildFile section */

/* Begin PBXFileReference section */
		0F53A3A11E81461B00DC3634 /* libiosLive4iPhoneCloseAd.dylib */ = {isa = PBXFileReference; explicitFileType = "compiled.mach-o.dylib"; includeInIndex = 0; path = libiosLive4iPhoneCloseAd.dylib; sourceTree = BUILT_PRODUCTS_DIR; };
		0F53A3A41E81461B00DC3634 /* Foundation.framework */ = {isa = PBXFileReference; lastKnownFileType = wrapper.framework; name = Foundation.framework; path = System/Library/Frameworks/Foundation.framework; sourceTree = SDKROOT; };
		0F53A3A61E81461B00DC3634 /* UIKit.framework */ = {isa = PBXFileReference; lastKnownFileType = wrapper.framework; name = UIKit.framework; path = System/Library/Frameworks/UIKit.framework; sourceTree = SDKROOT; };
		0F53A3AB1E81461B00DC3634 /* control.txt */ = {isa = PBXFileReference; lastKnownFileType = text; name = control.txt; path = Package/DEBIAN/control.txt; sourceTree = "<group>"; };
		0F53A3AC1E81461B00DC3634 /* control */ = {isa = PBXFileReference; lastKnownFileType = text; name = control; path = Package/DEBIAN/control; sourceTree = "<group>"; };
		0F53A3AE1E81461B00DC3634 /* PackageVersion.plist */ = {isa = PBXFileReference; lastKnownFileType = text.plist.xml; path = PackageVersion.plist; sourceTree = "<group>"; };
		0F53A3AF1E81461B00DC3634 /* iosLive4iPhoneCloseAd-Prefix.pch */ = {isa = PBXFileReference; lastKnownFileType = sourcecode.c.h; path = "iosLive4iPhoneCloseAd-Prefix.pch"; sourceTree = "<group>"; };
		0F53A3B21E81461B00DC3634 /* iosLive4iPhoneCloseAd.mm */ = {isa = PBXFileReference; lastKnownFileType = sourcecode.cpp.objcpp; path = iosLive4iPhoneCloseAd.mm; sourceTree = "<group>"; };
		0F53A3B61E81461B00DC3634 /* 0xdeadfa11 */ = {isa = PBXFileReference; lastKnownFileType = text; name = 0xdeadfa11; path = Package/usr/lib/0xdeadfa11; sourceTree = "<group>"; };
		0F53A3BC1E81467D00DC3634 /* CaptainHook.h */ = {isa = PBXFileReference; fileEncoding = 4; lastKnownFileType = sourcecode.c.h; path = CaptainHook.h; sourceTree = "<group>"; };
/* End PBXFileReference section */

/* Begin PBXFrameworksBuildPhase section */
		0F53A39D1E81461B00DC3634 /* Frameworks */ = {
			isa = PBXFrameworksBuildPhase;
			buildActionMask = 2147483647;
			files = (
				0F53A3A51E81461B00DC3634 /* Foundation.framework in Frameworks */,
				0F53A3A71E81461B00DC3634 /* UIKit.framework in Frameworks */,
			);
			runOnlyForDeploymentPostprocessing = 0;
		};
/* End PBXFrameworksBuildPhase section */

/* Begin PBXGroup section */
		0F53A3971E81461B00DC3634 = {
			isa = PBXGroup;
			children = (
				0F53A3A81E81461B00DC3634 /* iosLive4iPhoneCloseAd */,
				0F53A3A31E81461B00DC3634 /* Frameworks */,
				0F53A3A21E81461B00DC3634 /* Products */,
			);
			sourceTree = "<group>";
		};
		0F53A3A21E81461B00DC3634 /* Products */ = {
			isa = PBXGroup;
			children = (
				0F53A3A11E81461B00DC3634 /* libiosLive4iPhoneCloseAd.dylib */,
			);
			name = Products;
			sourceTree = "<group>";
		};
		0F53A3A31E81461B00DC3634 /* Frameworks */ = {
			isa = PBXGroup;
			children = (
				0F53A3A41E81461B00DC3634 /* Foundation.framework */,
				0F53A3A61E81461B00DC3634 /* UIKit.framework */,
			);
			name = Frameworks;
			sourceTree = "<group>";
		};
		0F53A3A81E81461B00DC3634 /* iosLive4iPhoneCloseAd */ = {
			isa = PBXGroup;
			children = (
				0F53A3BC1E81467D00DC3634 /* CaptainHook.h */,
				0F53A3B21E81461B00DC3634 /* iosLive4iPhoneCloseAd.mm */,
				0F53A3A91E81461B00DC3634 /* Package */,
				0F53A3AD1E81461B00DC3634 /* Supporting Files */,
			);
			path = iosLive4iPhoneCloseAd;
			sourceTree = "<group>";
		};
		0F53A3A91E81461B00DC3634 /* Package */ = {
			isa = PBXGroup;
			children = (
				0F53A3AA1E81461B00DC3634 /* DEBIAN */,
				0F53A3B41E81461B00DC3634 /* usr */,
			);
			name = Package;
			sourceTree = "<group>";
		};
		0F53A3AA1E81461B00DC3634 /* DEBIAN */ = {
			isa = PBXGroup;
			children = (
				0F53A3AB1E81461B00DC3634 /* control.txt */,
				0F53A3AC1E81461B00DC3634 /* control */,
			);
			name = DEBIAN;
			sourceTree = "<group>";
		};
		0F53A3AD1E81461B00DC3634 /* Supporting Files */ = {
			isa = PBXGroup;
			children = (
				0F53A3AE1E81461B00DC3634 /* PackageVersion.plist */,
				0F53A3AF1E81461B00DC3634 /* iosLive4iPhoneCloseAd-Prefix.pch */,
			);
			name = "Supporting Files";
			sourceTree = "<group>";
		};
		0F53A3B41E81461B00DC3634 /* usr */ = {
			isa = PBXGroup;
			children = (
				0F53A3B51E81461B00DC3634 /* lib */,
			);
			name = usr;
			sourceTree = "<group>";
		};
		0F53A3B51E81461B00DC3634 /* lib */ = {
			isa = PBXGroup;
			children = (
				0F53A3B61E81461B00DC3634 /* 0xdeadfa11 */,
			);
			name = lib;
			sourceTree = "<group>";
		};
/* End PBXGroup section */

/* Begin PBXHeadersBuildPhase section */
		0F53A39E1E81461B00DC3634 /* Headers */ = {
			isa = PBXHeadersBuildPhase;
			buildActionMask = 2147483647;
			files = (
				0F53A3BD1E81467D00DC3634 /* CaptainHook.h in Headers */,
			);
			runOnlyForDeploymentPostprocessing = 0;
		};
/* End PBXHeadersBuildPhase section */

/* Begin PBXNativeTarget section */
		0F53A3A01E81461B00DC3634 /* iosLive4iPhoneCloseAd */ = {
			isa = PBXNativeTarget;
			buildConfigurationList = 0F53A3B91E81461B00DC3634 /* Build configuration list for PBXNativeTarget "iosLive4iPhoneCloseAd" */;
			buildPhases = (
				0F53A39C1E81461B00DC3634 /* Sources */,
				0F53A39D1E81461B00DC3634 /* Frameworks */,
				0F53A39E1E81461B00DC3634 /* Headers */,
				0F53A39F1E81461B00DC3634 /* ShellScript */,
			);
			buildRules = (
			);
			dependencies = (
			);
			name = iosLive4iPhoneCloseAd;
			productName = iosLive4iPhoneCloseAd;
			productReference = 0F53A3A11E81461B00DC3634 /* libiosLive4iPhoneCloseAd.dylib */;
			productType = "com.apple.product-type.library.dynamic";
		};
/* End PBXNativeTarget section */

/* Begin PBXProject section */
		0F53A3981E81461B00DC3634 /* Project object */ = {
			isa = PBXProject;
			attributes = {
				LastUpgradeCheck = 0810;
				TargetAttributes = {
					0F53A3A01E81461B00DC3634 = {
						CreatedOnToolsVersion = 8.1;
						ProvisioningStyle = Automatic;
					};
				};
			};
			buildConfigurationList = 0F53A39B1E81461B00DC3634 /* Build configuration list for PBXProject "iosLive4iPhoneCloseAd" */;
			compatibilityVersion = "Xcode 3.2";
			developmentRegion = English;
			hasScannedForEncodings = 0;
			knownRegions = (
				en,
			);
			mainGroup = 0F53A3971E81461B00DC3634;
			productRefGroup = 0F53A3A21E81461B00DC3634 /* Products */;
			projectDirPath = "";
			projectRoot = "";
			targets = (
				0F53A3A01E81461B00DC3634 /* iosLive4iPhoneCloseAd */,
			);
		};
/* End PBXProject section */

/* Begin PBXShellScriptBuildPhase section */
		0F53A39F1E81461B00DC3634 /* ShellScript */ = {
			isa = PBXShellScriptBuildPhase;
			buildActionMask = 2147483647;
			files = (
			);
			inputPaths = (
			);
			outputPaths = (
			);
			runOnlyForDeploymentPostprocessing = 0;
			shellPath = /bin/sh;
			shellScript = "/opt/iOSOpenDev/bin/iosod --xcbp";
		};
/* End PBXShellScriptBuildPhase section */

/* Begin PBXSourcesBuildPhase section */
		0F53A39C1E81461B00DC3634 /* Sources */ = {
			isa = PBXSourcesBuildPhase;
			buildActionMask = 2147483647;
			files = (
				0F53A3B31E81461B00DC3634 /* iosLive4iPhoneCloseAd.mm in Sources */,
			);
			runOnlyForDeploymentPostprocessing = 0;
		};
/* End PBXSourcesBuildPhase section */

/* Begin XCBuildConfiguration section */
		0F53A3B71E81461B00DC3634 /* Debug */ = {
			isa = XCBuildConfiguration;
			buildSettings = {
				COPY_PHASE_STRIP = NO;
				EXCLUDED_RECURSIVE_SEARCH_PATH_SUBDIRECTORIES = "*.nib *.lproj *.gch (*) .DS_Store CVS .svn .git .hg *.xcodeproj *.xcode *.pbproj *.pbxproj";
				FRAMEWORK_SEARCH_PATHS = (
					"$(iOSOpenDevPath)/frameworks/**",
					"$(SDKROOT)/System/Library/PrivateFrameworks",
				);
				GCC_C_LANGUAGE_STANDARD = gnu99;
				GCC_DYNAMIC_NO_PIC = NO;
				GCC_OPTIMIZATION_LEVEL = 0;
				GCC_PREPROCESSOR_DEFINITIONS = (
					"DEBUG=1",
					"$(inherited)",
				);
				GCC_SYMBOLS_PRIVATE_EXTERN = NO;
				GCC_WARN_ABOUT_MISSING_PROTOTYPES = YES;
				GCC_WARN_ABOUT_RETURN_TYPE = YES;
				GCC_WARN_UNUSED_VARIABLE = YES;
				HEADER_SEARCH_PATHS = "$(iOSOpenDevPath)/include/**";
				IPHONEOS_DEPLOYMENT_TARGET = 8.0;
				LIBRARY_SEARCH_PATHS = "$(iOSOpenDevPath)/lib/**";
				SDKROOT = iphoneos;
				TARGETED_DEVICE_FAMILY = "1,2";
				VALIDATE_PRODUCT = NO;
				iOSOpenDevPath = /opt/iOSOpenDev;
			};
			name = Debug;
		};
		0F53A3B81E81461B00DC3634 /* Release */ = {
			isa = XCBuildConfiguration;
			buildSettings = {
				COPY_PHASE_STRIP = YES;
				EXCLUDED_RECURSIVE_SEARCH_PATH_SUBDIRECTORIES = "*.nib *.lproj *.gch (*) .DS_Store CVS .svn .git .hg *.xcodeproj *.xcode *.pbproj *.pbxproj";
				FRAMEWORK_SEARCH_PATHS = (
					"$(iOSOpenDevPath)/frameworks/**",
					"$(SDKROOT)/System/Library/PrivateFrameworks",
				);
				GCC_C_LANGUAGE_STANDARD = gnu99;
				GCC_WARN_ABOUT_MISSING_PROTOTYPES = YES;
				GCC_WARN_ABOUT_RETURN_TYPE = YES;
				GCC_WARN_UNUSED_VARIABLE = YES;
				HEADER_SEARCH_PATHS = "$(iOSOpenDevPath)/include/**";
				IPHONEOS_DEPLOYMENT_TARGET = 8.0;
				LIBRARY_SEARCH_PATHS = "$(iOSOpenDevPath)/lib/**";
				SDKROOT = iphoneos;
				TARGETED_DEVICE_FAMILY = "1,2";
				VALIDATE_PRODUCT = YES;
				iOSOpenDevPath = /opt/iOSOpenDev;
			};
			name = Release;
		};
		0F53A3BA1E81461B00DC3634 /* Debug */ = {
			isa = XCBuildConfiguration;
			buildSettings = {
				CODE_SIGN_IDENTITY = "";
				DYLIB_COMPATIBILITY_VERSION = 1;
				DYLIB_CURRENT_VERSION = 1;
				EXECUTABLE_PREFIX = lib;
				GCC_PRECOMPILE_PREFIX_HEADER = YES;
				GCC_PREFIX_HEADER = "iosLive4iPhoneCloseAd/iosLive4iPhoneCloseAd-Prefix.pch";
				INSTALL_PATH = /usr/lib;
				IPHONEOS_DEPLOYMENT_TARGET = 8.0;
				PRODUCT_NAME = "$(TARGET_NAME)";
				iOSOpenDevBuildPackageOnAnyBuild = NO;
				iOSOpenDevCopyOnBuild = NO;
				iOSOpenDevDevice = "";
				iOSOpenDevInstallOnAnyBuild = NO;
				iOSOpenDevInstallOnProfiling = YES;
				iOSOpenDevRespringOnInstall = YES;
				iOSOpenDevUsePackageVersionPList = YES;
			};
			name = Debug;
		};
		0F53A3BB1E81461B00DC3634 /* Release */ = {
			isa = XCBuildConfiguration;
			buildSettings = {
				CODE_SIGN_IDENTITY = "";
				DYLIB_COMPATIBILITY_VERSION = 1;
				DYLIB_CURRENT_VERSION = 1;
				EXECUTABLE_PREFIX = lib;
				GCC_PRECOMPILE_PREFIX_HEADER = YES;
				GCC_PREFIX_HEADER = "iosLive4iPhoneCloseAd/iosLive4iPhoneCloseAd-Prefix.pch";
				INSTALL_PATH = /usr/lib;
				IPHONEOS_DEPLOYMENT_TARGET = 8.0;
				PRODUCT_NAME = "$(TARGET_NAME)";
				iOSOpenDevBuildPackageOnAnyBuild = NO;
				iOSOpenDevCopyOnBuild = NO;
				iOSOpenDevDevice = "";
				iOSOpenDevInstallOnAnyBuild = NO;
				iOSOpenDevInstallOnProfiling = YES;
				iOSOpenDevRespringOnInstall = YES;
				iOSOpenDevUsePackageVersionPList = YES;
			};
			name = Release;
		};
/* End XCBuildConfiguration section */

/* Begin XCConfigurationList section */
		0F53A39B1E81461B00DC3634 /* Build configuration list for PBXProject "iosLive4iPhoneCloseAd" */ = {
			isa = XCConfigurationList;
			buildConfigurations = (
				0F53A3B71E81461B00DC3634 /* Debug */,
				0F53A3B81E81461B00DC3634 /* Release */,
			);
			defaultConfigurationIsVisible = 0;
			defaultConfigurationName = Release;
		};
		0F53A3B91E81461B00DC3634 /* Build configuration list for PBXNativeTarget "iosLive4iPhoneCloseAd" */ = {
			isa = XCConfigurationList;
			buildConfigurations = (
				0F53A3BA1E81461B00DC3634 /* Debug */,
				0F53A3BB1E81461B00DC3634 /* Release */,
			);
			defaultConfigurationIsVisible = 0;
		};
/* End XCConfigurationList section */
	};
	rootObject = 0F53A3981E81461B00DC3634 /* Project object */;
}
